
Microsoft Visual Studio Solution File, Format Version 12.00
# Visual Studio Version 17
VisualStudioVersion = 17.9.34902.65
MinimumVisualStudioVersion = 10.0.40219.1
Project("{9A19103F-16F7-4668-BE54-9A1E7A4F7556}") = "back_Patient", "back_Patient\back_Patient.csproj", "{14B7184B-55F0-43A1-B419-FC62EFC793AF}"
EndProject
Project("{E53339B2-1760-4266-BCC7-CA923CBCF16C}") = "docker-compose", "docker-compose.dcproj", "{BAD8DD39-DADE-49AA-9A0F-7E8B37AFD14C}"
EndProject
Project("{9A19103F-16F7-4668-BE54-9A1E7A4F7556}") = "ApiGateway", "ApiGateway\ApiGateway.csproj", "{BEB10402-1F8D-4017-880F-57CF7EFC1022}"
EndProject
Project("{FAE04EC0-301F-11D3-BF4B-00C04F79EFBC}") = "Front", "Front\Front.csproj", "{AF174D7F-2C5C-406C-B887-970EC6304D45}"
	ProjectSection(ProjectDependencies) = postProject
		{14B7184B-55F0-43A1-B419-FC62EFC793AF} = {14B7184B-55F0-43A1-B419-FC62EFC793AF}
		{BEB10402-1F8D-4017-880F-57CF7EFC1022} = {BEB10402-1F8D-4017-880F-57CF7EFC1022}
	EndProjectSection
EndProject
Global
	GlobalSection(SolutionConfigurationPlatforms) = preSolution
		Debug|Any CPU = Debug|Any CPU
		Release|Any CPU = Release|Any CPU
	EndGlobalSection
	GlobalSection(ProjectConfigurationPlatforms) = postSolution
		{14B7184B-55F0-43A1-B419-FC62EFC793AF}.Debug|Any CPU.ActiveCfg = Debug|Any CPU
		{14B7184B-55F0-43A1-B419-FC62EFC793AF}.Debug|Any CPU.Build.0 = Debug|Any CPU
		{14B7184B-55F0-43A1-B419-FC62EFC793AF}.Release|Any CPU.ActiveCfg = Release|Any CPU
		{14B7184B-55F0-43A1-B419-FC62EFC793AF}.Release|Any CPU.Build.0 = Release|Any CPU
		{BAD8DD39-DADE-49AA-9A0F-7E8B37AFD14C}.Debug|Any CPU.ActiveCfg = Debug|Any CPU
		{BAD8DD39-DADE-49AA-9A0F-7E8B37AFD14C}.Debug|Any CPU.Build.0 = Debug|Any CPU
		{BAD8DD39-DADE-49AA-9A0F-7E8B37AFD14C}.Release|Any CPU.ActiveCfg = Release|Any CPU
		{BAD8DD39-DADE-49AA-9A0F-7E8B37AFD14C}.Release|Any CPU.Build.0 = Release|Any CPU
		{BEB10402-1F8D-4017-880F-57CF7EFC1022}.Debug|Any CPU.ActiveCfg = Debug|Any CPU
		{BEB10402-1F8D-4017-880F-57CF7EFC1022}.Debug|Any CPU.Build.0 = Debug|Any CPU
		{BEB10402-1F8D-4017-880F-57CF7EFC1022}.Release|Any CPU.ActiveCfg = Release|Any CPU
		{BEB10402-1F8D-4017-880F-57CF7EFC1022}.Release|Any CPU.Build.0 = Release|Any CPU
		{AF174D7F-2C5C-406C-B887-970EC6304D45}.Debug|Any CPU.ActiveCfg = Debug|Any CPU
		{AF174D7F-2C5C-406C-B887-970EC6304D45}.Debug|Any CPU.Build.0 = Debug|Any CPU
		{AF174D7F-2C5C-406C-B887-970EC6304D45}.Release|Any CPU.ActiveCfg = Release|Any CPU
		{AF174D7F-2C5C-406C-B887-970EC6304D45}.Release|Any CPU.Build.0 = Release|Any CPU
	EndGlobalSection
	GlobalSection(SolutionProperties) = preSolution
		HideSolutionNode = FALSE
	EndGlobalSection
	GlobalSection(ExtensibilityGlobals) = postSolution
		SolutionGuid = {B71714CA-8B9E-4F57-AF66-BF0B6A26F477}
	EndGlobalSection
EndGlobal
